github.com/atotto/clipboard v0.1.2 h1:YZCtFu5Ie8qX2VmVTBnrqLSiU9XOWwqNRmdT3gIQzbY=
github.com/atotto/clipboard v0.1.2/go.mod h1:ZY9tmq7sm5xIbd9bOK4onWV4S6X0u6GY7Vn0Yu86PYI=
github.com/elazarl/goproxy v0.0.0-20190410145444-c548f45dcf1d h1:FEw1BeUVT/wxetVmacXPqQgRyYCG+0aCfQel+53Pa/E=
github.com/elazarl/goproxy v0.0.0-20190410145444-c548f45dcf1d/go.mod h1:/Zj4wYkgs4iZTTu3o/KG3Itv/qCCa8VVMlb3i9OVuzc=
github.com/elazarl/goproxy/ext v0.0.0-20190421051319-9d40249d3c2f h1:AUj1VoZUfhPhOPHULCQQDnGhRelpFWHMLhQVWDsS0v4=
github.com/elazarl/goproxy/ext v0.0.0-20190421051319-9d40249d3c2f/go.mod h1:gNh8nYJoAm43RfaxurUnxr+N1PwuFV3ZMl/efxlIlY8=
github.com/pkg/errors v0.8.1 h1:iURUrRGxPUNPdy5/HRSm+Yj6okJ6UtLINN0Q9M4+h3I=
github.com/pkg/errors v0.8.1/go.mod h1:bwawxfHBFNV+L2hUp1rHADufV3IMtnDRdf1r5NINEl0=
github.com/rogpeppe/go-charset v0.0.0-20180617210344-2471d30d28b4/go.mod h1:qgYeAmZ5ZIpBWTGllZSQnw97Dj+woV0toclVaRGI8pc=
github.com/xxzl0130/GF_cipher v0.0.0-20190907020816-f4b10a66d33c h1:VP8m/3bA9mYRBi9lsz7G4heclNZTz/MZ6Q9eoTJxDpI=
github.com/xxzl0130/GF_cipher v0.0.0-20190907020816-f4b10a66d33c/go.mod h1:WrUcKdPq2VHV5a7cNkrZJNc3aZY9ocXqm+rjQw3fRqo=
gopkg.in/check.v1 v0.0.0-20161208181325-20d25e280405 h1:yhCVgyC4o1eVCa2tZl7eS0r+SDo693bJlVdllGtEeKM=
gopkg.in/check.v1 v0.0.0-20161208181325-20d25e280405/go.mod h1:Co6ibVJAznAaIkqp8huTwlJQCZ016jof/cbN4VW5Yz0=
gopkg.in/yaml.v2 v2.2.2 h1:ZCJp+EgiOT7lHqUV2J862kp8Qj64Jo6az82+3Td9dZw=
gopkg.in/yaml.v2 v2.2.2/go.mod h1:hI93XBmqTisBFMUTm0b8Fm+jr3Dg1NNxqwp+5A1VGuI=
